schema_version: 1
profile: svarp_minigraph_longread
graph_id: GRCh38-90c.r518
producer: Heng Li / HPRC year-1 minigraph release
source_record:
  title: Minigraph pangenome graphs for HPRC year-1 samples
  version: v3
  doi: 10.5281/zenodo.6983934
  url: https://zenodo.org/records/6983934
reference_path: GRCh38
excluded_samples: [HG002, NA24385]
exclusion_evidence: >-
  The authoritative record declares that the graph excludes HG002; NA24385
  is the GIAB alias for the same benchmark sample.
assets:
  gfa:
    filename: graph.gfa.gz
    source_filename: GRCh38-90c.r518.gfa.gz
    source_url: >-
      https://zenodo.org/records/6983934/files/GRCh38-90c.r518.gfa.gz?download=1
    md5: 127841003089365a8332350e0ab1690b
    sha256: d30ac03dc7adcce5c70f995a407d87a744aba0d09a67002462b5847e6c507996
    size_bytes: 845475988
  variation_calls:
    filename: graph.variation.calls.bed.gz
    source_filename: call-GRCh38-0.17.bed.gz
    source_url: >-
      https://zenodo.org/records/6983934/files/call-GRCh38-0.17.bed.gz?download=1
    md5: 61d742813140e88bb4aef110d048277a
    sha256: 8d6de2629e1e7070849ca4cff12a714dc7d0da84f5a12fb883bf82a2e66fb401
    size_bytes: 84548267
